
Microsoft Visual Studio Solution File, Format Version 12.00
# Visual Studio 15
VisualStudioVersion = 15.0.26124.0
MinimumVisualStudioVersion = 15.0.26124.0
Project("{FAE04EC0-301F-11D3-BF4B-00C04F79EFBC}") = "PaymentContext.Domain", "PaymentContext.Domain\PaymentContext.Domain.csproj", "{C5418101-B9CB-4E8B-9C27-C3BE7221AA99}"
EndProject
Project("{FAE04EC0-301F-11D3-BF4B-00C04F79EFBC}") = "PaymentContext.Shared", "PaymentContext.Shared\PaymentContext.Shared.csproj", "{4CC5120C-08C7-43EF-81D2-53AF1700D3CE}"
EndProject
Project("{FAE04EC0-301F-11D3-BF4B-00C04F79EFBC}") = "PaymentContext.Tests", "PaymentContext.Tests\PaymentContext.Tests.csproj", "{4619711C-825A-45EE-9A2B-05E98F5E6413}"
EndProject
Global
	GlobalSection(SolutionConfigurationPlatforms) = preSolution
		Debug|Any CPU = Debug|Any CPU
		Debug|x64 = Debug|x64
		Debug|x86 = Debug|x86
		Release|Any CPU = Release|Any CPU
		Release|x64 = Release|x64
		Release|x86 = Release|x86
	EndGlobalSection
	GlobalSection(SolutionProperties) = preSolution
		HideSolutionNode = FALSE
	EndGlobalSection
	GlobalSection(ProjectConfigurationPlatforms) = postSolution
		{C5418101-B9CB-4E8B-9C27-C3BE7221AA99}.Debug|Any CPU.ActiveCfg = Debug|Any CPU
		{C5418101-B9CB-4E8B-9C27-C3BE7221AA99}.Debug|Any CPU.Build.0 = Debug|Any CPU
		{C5418101-B9CB-4E8B-9C27-C3BE7221AA99}.Debug|x64.ActiveCfg = Debug|Any CPU
		{C5418101-B9CB-4E8B-9C27-C3BE7221AA99}.Debug|x64.Build.0 = Debug|Any CPU
		{C5418101-B9CB-4E8B-9C27-C3BE7221AA99}.Debug|x86.ActiveCfg = Debug|Any CPU
		{C5418101-B9CB-4E8B-9C27-C3BE7221AA99}.Debug|x86.Build.0 = Debug|Any CPU
		{C5418101-B9CB-4E8B-9C27-C3BE7221AA99}.Release|Any CPU.ActiveCfg = Release|Any CPU
		{C5418101-B9CB-4E8B-9C27-C3BE7221AA99}.Release|Any CPU.Build.0 = Release|Any CPU
		{C5418101-B9CB-4E8B-9C27-C3BE7221AA99}.Release|x64.ActiveCfg = Release|Any CPU
		{C5418101-B9CB-4E8B-9C27-C3BE7221AA99}.Release|x64.Build.0 = Release|Any CPU
		{C5418101-B9CB-4E8B-9C27-C3BE7221AA99}.Release|x86.ActiveCfg = Release|Any CPU
		{C5418101-B9CB-4E8B-9C27-C3BE7221AA99}.Release|x86.Build.0 = Release|Any CPU
		{4CC5120C-08C7-43EF-81D2-53AF1700D3CE}.Debug|Any CPU.ActiveCfg = Debug|Any CPU
		{4CC5120C-08C7-43EF-81D2-53AF1700D3CE}.Debug|Any CPU.Build.0 = Debug|Any CPU
		{4CC5120C-08C7-43EF-81D2-53AF1700D3CE}.Debug|x64.ActiveCfg = Debug|Any CPU
		{4CC5120C-08C7-43EF-81D2-53AF1700D3CE}.Debug|x64.Build.0 = Debug|Any CPU
		{4CC5120C-08C7-43EF-81D2-53AF1700D3CE}.Debug|x86.ActiveCfg = Debug|Any CPU
		{4CC5120C-08C7-43EF-81D2-53AF1700D3CE}.Debug|x86.Build.0 = Debug|Any CPU
		{4CC5120C-08C7-43EF-81D2-53AF1700D3CE}.Release|Any CPU.ActiveCfg = Release|Any CPU
		{4CC5120C-08C7-43EF-81D2-53AF1700D3CE}.Release|Any CPU.Build.0 = Release|Any CPU
		{4CC5120C-08C7-43EF-81D2-53AF1700D3CE}.Release|x64.ActiveCfg = Release|Any CPU
		{4CC5120C-08C7-43EF-81D2-53AF1700D3CE}.Release|x64.Build.0 = Release|Any CPU
		{4CC5120C-08C7-43EF-81D2-53AF1700D3CE}.Release|x86.ActiveCfg = Release|Any CPU
		{4CC5120C-08C7-43EF-81D2-53AF1700D3CE}.Release|x86.Build.0 = Release|Any CPU
		{4619711C-825A-45EE-9A2B-05E98F5E6413}.Debug|Any CPU.ActiveCfg = Debug|Any CPU
		{4619711C-825A-45EE-9A2B-05E98F5E6413}.Debug|Any CPU.Build.0 = Debug|Any CPU
		{4619711C-825A-45EE-9A2B-05E98F5E6413}.Debug|x64.ActiveCfg = Debug|Any CPU
		{4619711C-825A-45EE-9A2B-05E98F5E6413}.Debug|x64.Build.0 = Debug|Any CPU
		{4619711C-825A-45EE-9A2B-05E98F5E6413}.Debug|x86.ActiveCfg = Debug|Any CPU
		{4619711C-825A-45EE-9A2B-05E98F5E6413}.Debug|x86.Build.0 = Debug|Any CPU
		{4619711C-825A-45EE-9A2B-05E98F5E6413}.Release|Any CPU.ActiveCfg = Release|Any CPU
		{4619711C-825A-45EE-9A2B-05E98F5E6413}.Release|Any CPU.Build.0 = Release|Any CPU
		{4619711C-825A-45EE-9A2B-05E98F5E6413}.Release|x64.ActiveCfg = Release|Any CPU
		{4619711C-825A-45EE-9A2B-05E98F5E6413}.Release|x64.Build.0 = Release|Any CPU
		{4619711C-825A-45EE-9A2B-05E98F5E6413}.Release|x86.ActiveCfg = Release|Any CPU
		{4619711C-825A-45EE-9A2B-05E98F5E6413}.Release|x86.Build.0 = Release|Any CPU
	EndGlobalSection
EndGlobal
